
Microsoft Visual Studio Solution File, Format Version 10.00
# Visual Studio 2008
Project("{8BC9CEB8-8B4A-11D0-8D11-00A0C91BC942}") = "PGS_CCMApp", "PGS_CCMApp.vcproj", "{34923556-FD0E-464E-A83A-75D486EDF10F}"
EndProject
Global
	GlobalSection(SolutionConfigurationPlatforms) = preSolution
		Debug|ATS-M1000D (ARMv4I) = Debug|ATS-M1000D (ARMv4I)
		Debug|STANDARDSDK_500 (ARMV4I) = Debug|STANDARDSDK_500 (ARMV4I)
		Debug|STANDARDSDK_500 (MIPSII) = Debug|STANDARDSDK_500 (MIPSII)
		Debug|STANDARDSDK_500 (MIPSII_FP) = Debug|STANDARDSDK_500 (MIPSII_FP)
		Debug|STANDARDSDK_500 (MIPSIV) = Debug|STANDARDSDK_500 (MIPSIV)
		Debug|STANDARDSDK_500 (MIPSIV_FP) = Debug|STANDARDSDK_500 (MIPSIV_FP)
		Debug|STANDARDSDK_500 (SH4) = Debug|STANDARDSDK_500 (SH4)
		Debug|STANDARDSDK_500 (x86) = Debug|STANDARDSDK_500 (x86)
		Release|ATS-M1000D (ARMv4I) = Release|ATS-M1000D (ARMv4I)
		Release|STANDARDSDK_500 (ARMV4I) = Release|STANDARDSDK_500 (ARMV4I)
		Release|STANDARDSDK_500 (MIPSII) = Release|STANDARDSDK_500 (MIPSII)
		Release|STANDARDSDK_500 (MIPSII_FP) = Release|STANDARDSDK_500 (MIPSII_FP)
		Release|STANDARDSDK_500 (MIPSIV) = Release|STANDARDSDK_500 (MIPSIV)
		Release|STANDARDSDK_500 (MIPSIV_FP) = Release|STANDARDSDK_500 (MIPSIV_FP)
		Release|STANDARDSDK_500 (SH4) = Release|STANDARDSDK_500 (SH4)
		Release|STANDARDSDK_500 (x86) = Release|STANDARDSDK_500 (x86)
	EndGlobalSection
	GlobalSection(ProjectConfigurationPlatforms) = postSolution
		{34923556-FD0E-464E-A83A-75D486EDF10F}.Debug|ATS-M1000D (ARMv4I).ActiveCfg = Debug|ATS-M1000D (ARMv4I)
		{34923556-FD0E-464E-A83A-75D486EDF10F}.Debug|ATS-M1000D (ARMv4I).Build.0 = Debug|ATS-M1000D (ARMv4I)
		{34923556-FD0E-464E-A83A-75D486EDF10F}.Debug|ATS-M1000D (ARMv4I).Deploy.0 = Debug|ATS-M1000D (ARMv4I)
		{34923556-FD0E-464E-A83A-75D486EDF10F}.Debug|STANDARDSDK_500 (ARMV4I).ActiveCfg = Debug|STANDARDSDK_500 (ARMV4I)
		{34923556-FD0E-464E-A83A-75D486EDF10F}.Debug|STANDARDSDK_500 (ARMV4I).Build.0 = Debug|STANDARDSDK_500 (ARMV4I)
		{34923556-FD0E-464E-A83A-75D486EDF10F}.Debug|STANDARDSDK_500 (ARMV4I).Deploy.0 = Debug|STANDARDSDK_500 (ARMV4I)
		{34923556-FD0E-464E-A83A-75D486EDF10F}.Debug|STANDARDSDK_500 (MIPSII).ActiveCfg = Debug|STANDARDSDK_500 (MIPSII)
		{34923556-FD0E-464E-A83A-75D486EDF10F}.Debug|STANDARDSDK_500 (MIPSII).Build.0 = Debug|STANDARDSDK_500 (MIPSII)
		{34923556-FD0E-464E-A83A-75D486EDF10F}.Debug|STANDARDSDK_500 (MIPSII).Deploy.0 = Debug|STANDARDSDK_500 (MIPSII)
		{34923556-FD0E-464E-A83A-75D486EDF10F}.Debug|STANDARDSDK_500 (MIPSII_FP).ActiveCfg = Debug|STANDARDSDK_500 (MIPSII_FP)
		{34923556-FD0E-464E-A83A-75D486EDF10F}.Debug|STANDARDSDK_500 (MIPSII_FP).Build.0 = Debug|STANDARDSDK_500 (MIPSII_FP)
		{34923556-FD0E-464E-A83A-75D486EDF10F}.Debug|STANDARDSDK_500 (MIPSII_FP).Deploy.0 = Debug|STANDARDSDK_500 (MIPSII_FP)
		{34923556-FD0E-464E-A83A-75D486EDF10F}.Debug|STANDARDSDK_500 (MIPSIV).ActiveCfg = Debug|STANDARDSDK_500 (MIPSIV)
		{34923556-FD0E-464E-A83A-75D486EDF10F}.Debug|STANDARDSDK_500 (MIPSIV).Build.0 = Debug|STANDARDSDK_500 (MIPSIV)
		{34923556-FD0E-464E-A83A-75D486EDF10F}.Debug|STANDARDSDK_500 (MIPSIV).Deploy.0 = Debug|STANDARDSDK_500 (MIPSIV)
		{34923556-FD0E-464E-A83A-75D486EDF10F}.Debug|STANDARDSDK_500 (MIPSIV_FP).ActiveCfg = Debug|STANDARDSDK_500 (MIPSIV_FP)
		{34923556-FD0E-464E-A83A-75D486EDF10F}.Debug|STANDARDSDK_500 (MIPSIV_FP).Build.0 = Debug|STANDARDSDK_500 (MIPSIV_FP)
		{34923556-FD0E-464E-A83A-75D486EDF10F}.Debug|STANDARDSDK_500 (MIPSIV_FP).Deploy.0 = Debug|STANDARDSDK_500 (MIPSIV_FP)
		{34923556-FD0E-464E-A83A-75D486EDF10F}.Debug|STANDARDSDK_500 (SH4).ActiveCfg = Debug|STANDARDSDK_500 (SH4)
		{34923556-FD0E-464E-A83A-75D486EDF10F}.Debug|STANDARDSDK_500 (SH4).Build.0 = Debug|STANDARDSDK_500 (SH4)
		{34923556-FD0E-464E-A83A-75D486EDF10F}.Debug|STANDARDSDK_500 (SH4).Deploy.0 = Debug|STANDARDSDK_500 (SH4)
		{34923556-FD0E-464E-A83A-75D486EDF10F}.Debug|STANDARDSDK_500 (x86).ActiveCfg = Debug|STANDARDSDK_500 (x86)
		{34923556-FD0E-464E-A83A-75D486EDF10F}.Debug|STANDARDSDK_500 (x86).Build.0 = Debug|STANDARDSDK_500 (x86)
		{34923556-FD0E-464E-A83A-75D486EDF10F}.Debug|STANDARDSDK_500 (x86).Deploy.0 = Debug|STANDARDSDK_500 (x86)
		{34923556-FD0E-464E-A83A-75D486EDF10F}.Release|ATS-M1000D (ARMv4I).ActiveCfg = Release|ATS-M1000D (ARMv4I)
		{34923556-FD0E-464E-A83A-75D486EDF10F}.Release|ATS-M1000D (ARMv4I).Build.0 = Release|ATS-M1000D (ARMv4I)
		{34923556-FD0E-464E-A83A-75D486EDF10F}.Release|ATS-M1000D (ARMv4I).Deploy.0 = Release|ATS-M1000D (ARMv4I)
		{34923556-FD0E-464E-A83A-75D486EDF10F}.Release|STANDARDSDK_500 (ARMV4I).ActiveCfg = Release|STANDARDSDK_500 (ARMV4I)
		{34923556-FD0E-464E-A83A-75D486EDF10F}.Release|STANDARDSDK_500 (ARMV4I).Build.0 = Release|STANDARDSDK_500 (ARMV4I)
		{34923556-FD0E-464E-A83A-75D486EDF10F}.Release|STANDARDSDK_500 (ARMV4I).Deploy.0 = Release|STANDARDSDK_500 (ARMV4I)
		{34923556-FD0E-464E-A83A-75D486EDF10F}.Release|STANDARDSDK_500 (MIPSII).ActiveCfg = Release|STANDARDSDK_500 (MIPSII)
		{34923556-FD0E-464E-A83A-75D486EDF10F}.Release|STANDARDSDK_500 (MIPSII).Build.0 = Release|STANDARDSDK_500 (MIPSII)
		{34923556-FD0E-464E-A83A-75D486EDF10F}.Release|STANDARDSDK_500 (MIPSII).Deploy.0 = Release|STANDARDSDK_500 (MIPSII)
		{34923556-FD0E-464E-A83A-75D486EDF10F}.Release|STANDARDSDK_500 (MIPSII_FP).ActiveCfg = Release|STANDARDSDK_500 (MIPSII_FP)
		{34923556-FD0E-464E-A83A-75D486EDF10F}.Release|STANDARDSDK_500 (MIPSII_FP).Build.0 = Release|STANDARDSDK_500 (MIPSII_FP)
		{34923556-FD0E-464E-A83A-75D486EDF10F}.Release|STANDARDSDK_500 (MIPSII_FP).Deploy.0 = Release|STANDARDSDK_500 (MIPSII_FP)
		{34923556-FD0E-464E-A83A-75D486EDF10F}.Release|STANDARDSDK_500 (MIPSIV).ActiveCfg = Release|STANDARDSDK_500 (MIPSIV)
		{34923556-FD0E-464E-A83A-75D486EDF10F}.Release|STANDARDSDK_500 (MIPSIV).Build.0 = Release|STANDARDSDK_500 (MIPSIV)
		{34923556-FD0E-464E-A83A-75D486EDF10F}.Release|STANDARDSDK_500 (MIPSIV).Deploy.0 = Release|STANDARDSDK_500 (MIPSIV)
		{34923556-FD0E-464E-A83A-75D486EDF10F}.Release|STANDARDSDK_500 (MIPSIV_FP).ActiveCfg = Release|STANDARDSDK_500 (MIPSIV_FP)
		{34923556-FD0E-464E-A83A-75D486EDF10F}.Release|STANDARDSDK_500 (MIPSIV_FP).Build.0 = Release|STANDARDSDK_500 (MIPSIV_FP)
		{34923556-FD0E-464E-A83A-75D486EDF10F}.Release|STANDARDSDK_500 (MIPSIV_FP).Deploy.0 = Release|STANDARDSDK_500 (MIPSIV_FP)
		{34923556-FD0E-464E-A83A-75D486EDF10F}.Release|STANDARDSDK_500 (SH4).ActiveCfg = Release|STANDARDSDK_500 (SH4)
		{34923556-FD0E-464E-A83A-75D486EDF10F}.Release|STANDARDSDK_500 (SH4).Build.0 = Release|STANDARDSDK_500 (SH4)
		{34923556-FD0E-464E-A83A-75D486EDF10F}.Release|STANDARDSDK_500 (SH4).Deploy.0 = Release|STANDARDSDK_500 (SH4)
		{34923556-FD0E-464E-A83A-75D486EDF10F}.Release|STANDARDSDK_500 (x86).ActiveCfg = Release|STANDARDSDK_500 (x86)
		{34923556-FD0E-464E-A83A-75D486EDF10F}.Release|STANDARDSDK_500 (x86).Build.0 = Release|STANDARDSDK_500 (x86)
		{34923556-FD0E-464E-A83A-75D486EDF10F}.Release|STANDARDSDK_500 (x86).Deploy.0 = Release|STANDARDSDK_500 (x86)
	EndGlobalSection
	GlobalSection(SolutionProperties) = preSolution
		HideSolutionNode = FALSE
	EndGlobalSection
EndGlobal
