
Microsoft Visual Studio Solution File, Format Version 10.00
# Visual Studio 2008
Project("{8BC9CEB8-8B4A-11D0-8D11-00A0C91BC942}") = "CCMSTBDTest", "CCMSTBDTest.vcproj", "{1603F65F-5294-438C-88DC-45D5813E75EA}"
EndProject
Global
	GlobalSection(SolutionConfigurationPlatforms) = preSolution
		Debug|Win32 = Debug|Win32
		Release|Win32 = Release|Win32
	EndGlobalSection
	GlobalSection(ProjectConfigurationPlatforms) = postSolution
		{1603F65F-5294-438C-88DC-45D5813E75EA}.Debug|Win32.ActiveCfg = Debug|Win32
		{1603F65F-5294-438C-88DC-45D5813E75EA}.Debug|Win32.Build.0 = Debug|Win32
		{1603F65F-5294-438C-88DC-45D5813E75EA}.Release|Win32.ActiveCfg = Release|Win32
		{1603F65F-5294-438C-88DC-45D5813E75EA}.Release|Win32.Build.0 = Release|Win32
	EndGlobalSection
	GlobalSection(SolutionProperties) = preSolution
		HideSolutionNode = FALSE
	EndGlobalSection
EndGlobal
