
Microsoft Visual Studio Solution File, Format Version 10.00
# Visual Studio 2008
Project("{8BC9CEB8-8B4A-11D0-8D11-00A0C91BC942}") = "BOMListChecker", "BOMListChecker.vcproj", "{58AB6EFB-83A4-471A-9D37-25A30F4F1E9A}"
EndProject
Global
	GlobalSection(SolutionConfigurationPlatforms) = preSolution
		Debug|Win32 = Debug|Win32
		Release|Win32 = Release|Win32
	EndGlobalSection
	GlobalSection(ProjectConfigurationPlatforms) = postSolution
		{58AB6EFB-83A4-471A-9D37-25A30F4F1E9A}.Debug|Win32.ActiveCfg = Debug|Win32
		{58AB6EFB-83A4-471A-9D37-25A30F4F1E9A}.Debug|Win32.Build.0 = Debug|Win32
		{58AB6EFB-83A4-471A-9D37-25A30F4F1E9A}.Release|Win32.ActiveCfg = Release|Win32
		{58AB6EFB-83A4-471A-9D37-25A30F4F1E9A}.Release|Win32.Build.0 = Release|Win32
	EndGlobalSection
	GlobalSection(SolutionProperties) = preSolution
		HideSolutionNode = FALSE
	EndGlobalSection
EndGlobal
